
Microsoft Visual Studio Solution File, Format Version 12.00
# Visual Studio Version 17
VisualStudioVersion = 17.12.35707.178
MinimumVisualStudioVersion = 10.0.40219.1
Project("{FAE04EC0-301F-11D3-BF4B-00C04F79EFBC}") = "BasicProperty", "BasicProperty\BasicProperty.csproj", "{4EBA97B3-C8CC-49DE-9D94-079AB1D8F504}"
EndProject
Project("{FAE04EC0-301F-11D3-BF4B-00C04F79EFBC}") = "Auto_Implemented_Property", "Auto_Implemented_Property\Auto_Implemented_Property.csproj", "{4276A4D5-8231-457C-8864-FCEC8F10DCDB}"
EndProject
Project("{FAE04EC0-301F-11D3-BF4B-00C04F79EFBC}") = "WithConstructor", "WithConstructor\WithConstructor.csproj", "{9586774A-A390-4113-A932-F351DEFC3BC8}"
EndProject
Global
	GlobalSection(SolutionConfigurationPlatforms) = preSolution
		Debug|Any CPU = Debug|Any CPU
		Release|Any CPU = Release|Any CPU
	EndGlobalSection
	GlobalSection(ProjectConfigurationPlatforms) = postSolution
		{4EBA97B3-C8CC-49DE-9D94-079AB1D8F504}.Debug|Any CPU.ActiveCfg = Debug|Any CPU
		{4EBA97B3-C8CC-49DE-9D94-079AB1D8F504}.Debug|Any CPU.Build.0 = Debug|Any CPU
		{4EBA97B3-C8CC-49DE-9D94-079AB1D8F504}.Release|Any CPU.ActiveCfg = Release|Any CPU
		{4EBA97B3-C8CC-49DE-9D94-079AB1D8F504}.Release|Any CPU.Build.0 = Release|Any CPU
		{4276A4D5-8231-457C-8864-FCEC8F10DCDB}.Debug|Any CPU.ActiveCfg = Debug|Any CPU
		{4276A4D5-8231-457C-8864-FCEC8F10DCDB}.Debug|Any CPU.Build.0 = Debug|Any CPU
		{4276A4D5-8231-457C-8864-FCEC8F10DCDB}.Release|Any CPU.ActiveCfg = Release|Any CPU
		{4276A4D5-8231-457C-8864-FCEC8F10DCDB}.Release|Any CPU.Build.0 = Release|Any CPU
		{9586774A-A390-4113-A932-F351DEFC3BC8}.Debug|Any CPU.ActiveCfg = Debug|Any CPU
		{9586774A-A390-4113-A932-F351DEFC3BC8}.Debug|Any CPU.Build.0 = Debug|Any CPU
		{9586774A-A390-4113-A932-F351DEFC3BC8}.Release|Any CPU.ActiveCfg = Release|Any CPU
		{9586774A-A390-4113-A932-F351DEFC3BC8}.Release|Any CPU.Build.0 = Release|Any CPU
	EndGlobalSection
	GlobalSection(SolutionProperties) = preSolution
		HideSolutionNode = FALSE
	EndGlobalSection
EndGlobal
